// !$*UTF8*$!
{
	archiveVersion = 1;
	classes = {
	};
	objectVersion = 46;
	objects = {

/* Begin PBXBuildFile section */
		8B044D85182D4E9F00A17BFA /* KeccakMessage.m in Sources */ = {isa = PBXBuildFile; fileRef = 8B044D84182D4E9F00A17BFA /* KeccakMessage.m */; };
		8B044DB2182D69F000A17BFA /* NSString+Base64.m in Sources */ = {isa = PBXBuildFile; fileRef = 8B044DB1182D69F000A17BFA /* NSString+Base64.m */; };
		8B044DB3182D69F000A17BFA /* NSString+Base64.m in Sources */ = {isa = PBXBuildFile; fileRef = 8B044DB1182D69F000A17BFA /* NSString+Base64.m */; };
		8B044DB6182DCC5D00A17BFA /* KeccakSponge.m in Sources */ = {isa = PBXBuildFile; fileRef = 8B044DB5182DCC5D00A17BFA /* KeccakSponge.m */; };
		8B044DB7182DCC5D00A17BFA /* KeccakSponge.m in Sources */ = {isa = PBXBuildFile; fileRef = 8B044DB5182DCC5D00A17BFA /* KeccakSponge.m */; };
		8B044DBF182DD1E100A17BFA /* KeccakTransformation.m in Sources */ = {isa = PBXBuildFile; fileRef = 8B044DBE182DD1E100A17BFA /* KeccakTransformation.m */; };
		8B044DC0182DD1E100A17BFA /* KeccakTransformation.m in Sources */ = {isa = PBXBuildFile; fileRef = 8B044DBE182DD1E100A17BFA /* KeccakTransformation.m */; };
		8B044DC7182DD87300A17BFA /* KeccakPermutation.m in Sources */ = {isa = PBXBuildFile; fileRef = 8B044DC6182DD87300A17BFA /* KeccakPermutation.m */; };
		8B044DC8182DD87300A17BFA /* KeccakPermutation.m in Sources */ = {isa = PBXBuildFile; fileRef = 8B044DC6182DD87300A17BFA /* KeccakPermutation.m */; };
		8B044DCB182DD8B300A17BFA /* KeccakIdentity.m in Sources */ = {isa = PBXBuildFile; fileRef = 8B044DCA182DD8B300A17BFA /* KeccakIdentity.m */; };
		8B044DCC182DD8B300A17BFA /* KeccakIdentity.m in Sources */ = {isa = PBXBuildFile; fileRef = 8B044DCA182DD8B300A17BFA /* KeccakIdentity.m */; };
		8B044DCF182DDC2D00A17BFA /* KeccakMessageBlock.m in Sources */ = {isa = PBXBuildFile; fileRef = 8B044DCE182DDC2D00A17BFA /* KeccakMessageBlock.m */; };
		8B044DD0182DDC2D00A17BFA /* KeccakMessageBlock.m in Sources */ = {isa = PBXBuildFile; fileRef = 8B044DCE182DDC2D00A17BFA /* KeccakMessageBlock.m */; };
		8B1342F318B6B5260085548A /* OpenGLES.framework in Frameworks */ = {isa = PBXBuildFile; fileRef = 8B1342F218B6B5260085548A /* OpenGLES.framework */; };
		8B1342F618B6B5850085548A /* VisualDetail.m in Sources */ = {isa = PBXBuildFile; fileRef = 8B1342F518B6B5850085548A /* VisualDetail.m */; };
		8B1342F918B6B8E70085548A /* VisualDetailViewController.m in Sources */ = {isa = PBXBuildFile; fileRef = 8B1342F818B6B8E70085548A /* VisualDetailViewController.m */; };
		8B2258E718982F7D0021DAE5 /* KeccakAbsorbingPhaseLog.m in Sources */ = {isa = PBXBuildFile; fileRef = 8B2258E618982F7D0021DAE5 /* KeccakAbsorbingPhaseLog.m */; };
		8B2258EA18982FA50021DAE5 /* KeccakDataLog.m in Sources */ = {isa = PBXBuildFile; fileRef = 8B2258E918982FA50021DAE5 /* KeccakDataLog.m */; };
		8B2258ED18982FFE0021DAE5 /* KeccakInitializationPhaseLog.m in Sources */ = {isa = PBXBuildFile; fileRef = 8B2258EC18982FFE0021DAE5 /* KeccakInitializationPhaseLog.m */; };
		8B2258F01898306D0021DAE5 /* KeccakSqueezingPhaseLog.m in Sources */ = {isa = PBXBuildFile; fileRef = 8B2258EF1898306D0021DAE5 /* KeccakSqueezingPhaseLog.m */; };
		8B2258F3189832260021DAE5 /* CypherMessage.m in Sources */ = {isa = PBXBuildFile; fileRef = 8B2258F2189832260021DAE5 /* CypherMessage.m */; };
		8B2258F61898375D0021DAE5 /* MessageListTests.m in Sources */ = {isa = PBXBuildFile; fileRef = 8B2258F51898375D0021DAE5 /* MessageListTests.m */; };
		8B2258F9189860C10021DAE5 /* CypherMessageTests.m in Sources */ = {isa = PBXBuildFile; fileRef = 8B2258F8189860C10021DAE5 /* CypherMessageTests.m */; };
		8B38CBC818353767003C27BA /* MessageCollectionView.m in Sources */ = {isa = PBXBuildFile; fileRef = 8B38CBC718353767003C27BA /* MessageCollectionView.m */; };
		8B38CBCB18354ED6003C27BA /* CypherTextCell.m in Sources */ = {isa = PBXBuildFile; fileRef = 8B38CBCA18354ED6003C27BA /* CypherTextCell.m */; };
		8B38CBCE18355768003C27BA /* DetailViewController.m in Sources */ = {isa = PBXBuildFile; fileRef = 8B38CBCD18355768003C27BA /* DetailViewController.m */; };
		8B536A5B18C7BEF700096B5A /* VisualKeccak.c in Sources */ = {isa = PBXBuildFile; fileRef = 8B536A5A18C7BEF700096B5A /* VisualKeccak.c */; };
		8B72ABAD188E3687003FFA17 /* KeccakBlock.m in Sources */ = {isa = PBXBuildFile; fileRef = 8B72ABAC188E3687003FFA17 /* KeccakBlock.m */; };
		8B72ABB0188E376F003FFA17 /* KeccakBlockTests.m in Sources */ = {isa = PBXBuildFile; fileRef = 8B72ABAF188E376F003FFA17 /* KeccakBlockTests.m */; };
		8B72ABB6188EE6F5003FFA17 /* KeccakMessageTests.m in Sources */ = {isa = PBXBuildFile; fileRef = 8B72ABB5188EE6F5003FFA17 /* KeccakMessageTests.m */; };
		8B8F3A83183432DB000947CD /* MessageList.m in Sources */ = {isa = PBXBuildFile; fileRef = 8B8F3A82183432DB000947CD /* MessageList.m */; };
		8BBA09661827E48700DAF39D /* MessageViewController.m in Sources */ = {isa = PBXBuildFile; fileRef = 8BBA09651827E48700DAF39D /* MessageViewController.m */; };
		8BBA09741828227000DAF39D /* QuartzCore.framework in Frameworks */ = {isa = PBXBuildFile; fileRef = 8BBA09731828226F00DAF39D /* QuartzCore.framework */; };
		8BC3166C1889AEA80099EFEF /* KeccakLaneTests.m in Sources */ = {isa = PBXBuildFile; fileRef = 8BC3166B1889AEA80099EFEF /* KeccakLaneTests.m */; };
		8BC3166F1889AF2A0099EFEF /* KeccakLane.m in Sources */ = {isa = PBXBuildFile; fileRef = 8BC3166E1889AF2A0099EFEF /* KeccakLane.m */; };
		8BC52A1D1832DE87002F7AF3 /* PlainTextCell.m in Sources */ = {isa = PBXBuildFile; fileRef = 8BC52A1C1832DE87002F7AF3 /* PlainTextCell.m */; };
		8BC52A201833F8C0002F7AF3 /* Message.m in Sources */ = {isa = PBXBuildFile; fileRef = 8BC52A1F1833F8C0002F7AF3 /* Message.m */; };
		8BC54360182AACB900148092 /* CoreData.framework in Frameworks */ = {isa = PBXBuildFile; fileRef = 8BC5435F182AACB900148092 /* CoreData.framework */; };
		8BC54363182AB20200148092 /* Message_Log.xcdatamodeld in Sources */ = {isa = PBXBuildFile; fileRef = 8BC54361182AB20200148092 /* Message_Log.xcdatamodeld */; };
		8BC54364182AB20200148092 /* Message_Log.xcdatamodeld in Sources */ = {isa = PBXBuildFile; fileRef = 8BC54361182AB20200148092 /* Message_Log.xcdatamodeld */; };
		8BDB9EBB183E995900821CAF /* EditSettingsViewController.m in Sources */ = {isa = PBXBuildFile; fileRef = 8BDB9EBA183E995900821CAF /* EditSettingsViewController.m */; };
		8BF538B81816B733001F2F5C /* Foundation.framework in Frameworks */ = {isa = PBXBuildFile; fileRef = 8BF538B71816B733001F2F5C /* Foundation.framework */; };
		8BF538BA1816B733001F2F5C /* CoreGraphics.framework in Frameworks */ = {isa = PBXBuildFile; fileRef = 8BF538B91816B733001F2F5C /* CoreGraphics.framework */; };
		8BF538BC1816B733001F2F5C /* UIKit.framework in Frameworks */ = {isa = PBXBuildFile; fileRef = 8BF538BB1816B733001F2F5C /* UIKit.framework */; };
		8BF538C21816B733001F2F5C /* InfoPlist.strings in Resources */ = {isa = PBXBuildFile; fileRef = 8BF538C01816B733001F2F5C /* InfoPlist.strings */; };
		8BF538C41816B733001F2F5C /* main.m in Sources */ = {isa = PBXBuildFile; fileRef = 8BF538C31816B733001F2F5C /* main.m */; };
		8BF538C81816B733001F2F5C /* AppDelegate.m in Sources */ = {isa = PBXBuildFile; fileRef = 8BF538C71816B733001F2F5C /* AppDelegate.m */; };
		8BF538CB1816B733001F2F5C /* Main_iPhone.storyboard in Resources */ = {isa = PBXBuildFile; fileRef = 8BF538C91816B733001F2F5C /* Main_iPhone.storyboard */; };
		8BF538CE1816B733001F2F5C /* Main_iPad.storyboard in Resources */ = {isa = PBXBuildFile; fileRef = 8BF538CC1816B733001F2F5C /* Main_iPad.storyboard */; };
		8BF538D31816B734001F2F5C /* Images.xcassets in Resources */ = {isa = PBXBuildFile; fileRef = 8BF538D21816B734001F2F5C /* Images.xcassets */; };
		8BF538DA1816B734001F2F5C /* XCTest.framework in Frameworks */ = {isa = PBXBuildFile; fileRef = 8BF538D91816B734001F2F5C /* XCTest.framework */; };
		8BF538DB1816B734001F2F5C /* Foundation.framework in Frameworks */ = {isa = PBXBuildFile; fileRef = 8BF538B71816B733001F2F5C /* Foundation.framework */; };
		8BF538DC1816B734001F2F5C /* UIKit.framework in Frameworks */ = {isa = PBXBuildFile; fileRef = 8BF538BB1816B733001F2F5C /* UIKit.framework */; };
		8BF538E41816B734001F2F5C /* InfoPlist.strings in Resources */ = {isa = PBXBuildFile; fileRef = 8BF538E21816B734001F2F5C /* InfoPlist.strings */; };
/* End PBXBuildFile section */

/* Begin PBXContainerItemProxy section */
		8BF538DD1816B734001F2F5C /* PBXContainerItemProxy */ = {
			isa = PBXContainerItemProxy;
			containerPortal = 8BF538AC1816B733001F2F5C /* Project object */;
			proxyType = 1;
			remoteGlobalIDString = 8BF538B31816B733001F2F5C;
			remoteInfo = "HU Keccak App";
		};
/* End PBXContainerItemProxy section */

/* Begin PBXFileReference section */
		8B044D83182D4E9F00A17BFA /* KeccakMessage.h */ = {isa = PBXFileReference; fileEncoding = 4; lastKnownFileType = sourcecode.c.h; name = KeccakMessage.h; path = Model/KeccakMessage.h; sourceTree = "<group>"; };
		8B044D84182D4E9F00A17BFA /* KeccakMessage.m */ = {isa = PBXFileReference; fileEncoding = 4; lastKnownFileType = sourcecode.c.objc; name = KeccakMessage.m; path = Model/KeccakMessage.m; sourceTree = "<group>"; };
		8B044DB0182D69F000A17BFA /* NSString+Base64.h */ = {isa = PBXFileReference; fileEncoding = 4; lastKnownFileType = sourcecode.c.h; path = "NSString+Base64.h"; sourceTree = "<group>"; };
		8B044DB1182D69F000A17BFA /* NSString+Base64.m */ = {isa = PBXFileReference; fileEncoding = 4; lastKnownFileType = sourcecode.c.objc; path = "NSString+Base64.m"; sourceTree = "<group>"; };
		8B044DB4182DCC5D00A17BFA /* KeccakSponge.h */ = {isa = PBXFileReference; fileEncoding = 4; lastKnownFileType = sourcecode.c.h; name = KeccakSponge.h; path = Model/KeccakSponge.h; sourceTree = "<group>"; };
		8B044DB5182DCC5D00A17BFA /* KeccakSponge.m */ = {isa = PBXFileReference; fileEncoding = 4; lastKnownFileType = sourcecode.c.objc; name = KeccakSponge.m; path = Model/KeccakSponge.m; sourceTree = "<group>"; };
		8B044DBD182DD1E100A17BFA /* KeccakTransformation.h */ = {isa = PBXFileReference; fileEncoding = 4; lastKnownFileType = sourcecode.c.h; name = KeccakTransformation.h; path = Model/KeccakTransformation.h; sourceTree = "<group>"; };
		8B044DBE182DD1E100A17BFA /* KeccakTransformation.m */ = {isa = PBXFileReference; fileEncoding = 4; lastKnownFileType = sourcecode.c.objc; name = KeccakTransformation.m; path = Model/KeccakTransformation.m; sourceTree = "<group>"; };
		8B044DC5182DD87300A17BFA /* KeccakPermutation.h */ = {isa = PBXFileReference; fileEncoding = 4; lastKnownFileType = sourcecode.c.h; name = KeccakPermutation.h; path = Model/KeccakPermutation.h; sourceTree = "<group>"; };
		8B044DC6182DD87300A17BFA /* KeccakPermutation.m */ = {isa = PBXFileReference; fileEncoding = 4; lastKnownFileType = sourcecode.c.objc; name = KeccakPermutation.m; path = Model/KeccakPermutation.m; sourceTree = "<group>"; };
		8B044DC9182DD8B300A17BFA /* KeccakIdentity.h */ = {isa = PBXFileReference; fileEncoding = 4; lastKnownFileType = sourcecode.c.h; name = KeccakIdentity.h; path = Model/KeccakIdentity.h; sourceTree = "<group>"; };
		8B044DCA182DD8B300A17BFA /* KeccakIdentity.m */ = {isa = PBXFileReference; fileEncoding = 4; lastKnownFileType = sourcecode.c.objc; name = KeccakIdentity.m; path = Model/KeccakIdentity.m; sourceTree = "<group>"; };
		8B044DCD182DDC2D00A17BFA /* KeccakMessageBlock.h */ = {isa = PBXFileReference; fileEncoding = 4; lastKnownFileType = sourcecode.c.h; name = KeccakMessageBlock.h; path = Model/KeccakMessageBlock.h; sourceTree = "<group>"; };
		8B044DCE182DDC2D00A17BFA /* KeccakMessageBlock.m */ = {isa = PBXFileReference; fileEncoding = 4; lastKnownFileType = sourcecode.c.objc; name = KeccakMessageBlock.m; path = Model/KeccakMessageBlock.m; sourceTree = "<group>"; };
		8B1342F218B6B5260085548A /* OpenGLES.framework */ = {isa = PBXFileReference; lastKnownFileType = wrapper.framework; name = OpenGLES.framework; path = System/Library/Frameworks/OpenGLES.framework; sourceTree = SDKROOT; };
		8B1342F418B6B5850085548A /* VisualDetail.h */ = {isa = PBXFileReference; fileEncoding = 4; lastKnownFileType = sourcecode.c.h; path = VisualDetail.h; sourceTree = "<group>"; };
		8B1342F518B6B5850085548A /* VisualDetail.m */ = {isa = PBXFileReference; fileEncoding = 4; lastKnownFileType = sourcecode.c.objc; path = VisualDetail.m; sourceTree = "<group>"; };
		8B1342F718B6B8E70085548A /* VisualDetailViewController.h */ = {isa = PBXFileReference; fileEncoding = 4; lastKnownFileType = sourcecode.c.h; path = VisualDetailViewController.h; sourceTree = "<group>"; };
		8B1342F818B6B8E70085548A /* VisualDetailViewController.m */ = {isa = PBXFileReference; fileEncoding = 4; lastKnownFileType = sourcecode.c.objc; path = VisualDetailViewController.m; sourceTree = "<group>"; };
		8B2258E518982F7D0021DAE5 /* KeccakAbsorbingPhaseLog.h */ = {isa = PBXFileReference; fileEncoding = 4; lastKnownFileType = sourcecode.c.h; name = KeccakAbsorbingPhaseLog.h; path = DataLogModel/KeccakAbsorbingPhaseLog.h; sourceTree = "<group>"; };
		8B2258E618982F7D0021DAE5 /* KeccakAbsorbingPhaseLog.m */ = {isa = PBXFileReference; fileEncoding = 4; lastKnownFileType = sourcecode.c.objc; name = KeccakAbsorbingPhaseLog.m; path = DataLogModel/KeccakAbsorbingPhaseLog.m; sourceTree = "<group>"; };
		8B2258E818982FA50021DAE5 /* KeccakDataLog.h */ = {isa = PBXFileReference; fileEncoding = 4; lastKnownFileType = sourcecode.c.h; name = KeccakDataLog.h; path = DataLogModel/KeccakDataLog.h; sourceTree = "<group>"; };
		8B2258E918982FA50021DAE5 /* KeccakDataLog.m */ = {isa = PBXFileReference; fileEncoding = 4; lastKnownFileType = sourcecode.c.objc; name = KeccakDataLog.m; path = DataLogModel/KeccakDataLog.m; sourceTree = "<group>"; };
		8B2258EB18982FFE0021DAE5 /* KeccakInitializationPhaseLog.h */ = {isa = PBXFileReference; fileEncoding = 4; lastKnownFileType = sourcecode.c.h; name = KeccakInitializationPhaseLog.h; path = DataLogModel/KeccakInitializationPhaseLog.h; sourceTree = "<group>"; };
		8B2258EC18982FFE0021DAE5 /* KeccakInitializationPhaseLog.m */ = {isa = PBXFileReference; fileEncoding = 4; lastKnownFileType = sourcecode.c.objc; name = KeccakInitializationPhaseLog.m; path = DataLogModel/KeccakInitializationPhaseLog.m; sourceTree = "<group>"; };
		8B2258EE1898306D0021DAE5 /* KeccakSqueezingPhaseLog.h */ = {isa = PBXFileReference; fileEncoding = 4; lastKnownFileType = sourcecode.c.h; name = KeccakSqueezingPhaseLog.h; path = DataLogModel/KeccakSqueezingPhaseLog.h; sourceTree = "<group>"; };
		8B2258EF1898306D0021DAE5 /* KeccakSqueezingPhaseLog.m */ = {isa = PBXFileReference; fileEncoding = 4; lastKnownFileType = sourcecode.c.objc; name = KeccakSqueezingPhaseLog.m; path = DataLogModel/KeccakSqueezingPhaseLog.m; sourceTree = "<group>"; };
		8B2258F1189832260021DAE5 /* CypherMessage.h */ = {isa = PBXFileReference; fileEncoding = 4; lastKnownFileType = sourcecode.c.h; name = CypherMessage.h; path = MessageViewModel/CypherMessage.h; sourceTree = "<group>"; };
		8B2258F2189832260021DAE5 /* CypherMessage.m */ = {isa = PBXFileReference; fileEncoding = 4; lastKnownFileType = sourcecode.c.objc; name = CypherMessage.m; path = MessageViewModel/CypherMessage.m; sourceTree = "<group>"; };
		8B2258F41898375D0021DAE5 /* MessageListTests.h */ = {isa = PBXFileReference; fileEncoding = 4; lastKnownFileType = sourcecode.c.h; path = MessageListTests.h; sourceTree = "<group>"; };
		8B2258F51898375D0021DAE5 /* MessageListTests.m */ = {isa = PBXFileReference; fileEncoding = 4; lastKnownFileType = sourcecode.c.objc; path = MessageListTests.m; sourceTree = "<group>"; };
		8B2258F7189860C10021DAE5 /* CypherMessageTests.h */ = {isa = PBXFileReference; fileEncoding = 4; lastKnownFileType = sourcecode.c.h; path = CypherMessageTests.h; sourceTree = "<group>"; };
		8B2258F8189860C10021DAE5 /* CypherMessageTests.m */ = {isa = PBXFileReference; fileEncoding = 4; lastKnownFileType = sourcecode.c.objc; path = CypherMessageTests.m; sourceTree = "<group>"; };
		8B38CBC618353767003C27BA /* MessageCollectionView.h */ = {isa = PBXFileReference; fileEncoding = 4; lastKnownFileType = sourcecode.c.h; path = MessageCollectionView.h; sourceTree = "<group>"; };
		8B38CBC718353767003C27BA /* MessageCollectionView.m */ = {isa = PBXFileReference; fileEncoding = 4; lastKnownFileType = sourcecode.c.objc; path = MessageCollectionView.m; sourceTree = "<group>"; };
		8B38CBC918354ED6003C27BA /* CypherTextCell.h */ = {isa = PBXFileReference; fileEncoding = 4; lastKnownFileType = sourcecode.c.h; path = CypherTextCell.h; sourceTree = "<group>"; };
		8B38CBCA18354ED6003C27BA /* CypherTextCell.m */ = {isa = PBXFileReference; fileEncoding = 4; lastKnownFileType = sourcecode.c.objc; path = CypherTextCell.m; sourceTree = "<group>"; };
		8B38CBCC18355768003C27BA /* DetailViewController.h */ = {isa = PBXFileReference; fileEncoding = 4; lastKnownFileType = sourcecode.c.h; path = DetailViewController.h; sourceTree = "<group>"; };
		8B38CBCD18355768003C27BA /* DetailViewController.m */ = {isa = PBXFileReference; fileEncoding = 4; lastKnownFileType = sourcecode.c.objc; path = DetailViewController.m; sourceTree = "<group>"; };
		8B536A5A18C7BEF700096B5A /* VisualKeccak.c */ = {isa = PBXFileReference; fileEncoding = 4; lastKnownFileType = sourcecode.c.c; path = VisualKeccak.c; sourceTree = "<group>"; };
		8B72ABAB188E3687003FFA17 /* KeccakBlock.h */ = {isa = PBXFileReference; fileEncoding = 4; lastKnownFileType = sourcecode.c.h; name = KeccakBlock.h; path = Model/KeccakBlock.h; sourceTree = "<group>"; };
		8B72ABAC188E3687003FFA17 /* KeccakBlock.m */ = {isa = PBXFileReference; fileEncoding = 4; lastKnownFileType = sourcecode.c.objc; name = KeccakBlock.m; path = Model/KeccakBlock.m; sourceTree = "<group>"; };
		8B72ABAE188E376F003FFA17 /* KeccakBlockTests.h */ = {isa = PBXFileReference; fileEncoding = 4; lastKnownFileType = sourcecode.c.h; path = KeccakBlockTests.h; sourceTree = "<group>"; };
		8B72ABAF188E376F003FFA17 /* KeccakBlockTests.m */ = {isa = PBXFileReference; fileEncoding = 4; lastKnownFileType = sourcecode.c.objc; path = KeccakBlockTests.m; sourceTree = "<group>"; };
		8B72ABB4188EE6F5003FFA17 /* KeccakMessageTests.h */ = {isa = PBXFileReference; fileEncoding = 4; lastKnownFileType = sourcecode.c.h; path = KeccakMessageTests.h; sourceTree = "<group>"; };
		8B72ABB5188EE6F5003FFA17 /* KeccakMessageTests.m */ = {isa = PBXFileReference; fileEncoding = 4; lastKnownFileType = sourcecode.c.objc; path = KeccakMessageTests.m; sourceTree = "<group>"; };
		8B8F3A81183432DB000947CD /* MessageList.h */ = {isa = PBXFileReference; fileEncoding = 4; lastKnownFileType = sourcecode.c.h; name = MessageList.h; path = MessageViewModel/MessageList.h; sourceTree = "<group>"; };
		8B8F3A82183432DB000947CD /* MessageList.m */ = {isa = PBXFileReference; fileEncoding = 4; lastKnownFileType = sourcecode.c.objc; name = MessageList.m; path = MessageViewModel/MessageList.m; sourceTree = "<group>"; };
		8B8F3A84183433F0000947CD /* MessageType.h */ = {isa = PBXFileReference; fileEncoding = 4; lastKnownFileType = sourcecode.c.h; name = MessageType.h; path = MessageViewModel/MessageType.h; sourceTree = "<group>"; };
		8BBA09641827E48700DAF39D /* MessageViewController.h */ = {isa = PBXFileReference; fileEncoding = 4; lastKnownFileType = sourcecode.c.h; path = MessageViewController.h; sourceTree = "<group>"; };
		8BBA09651827E48700DAF39D /* MessageViewController.m */ = {isa = PBXFileReference; fileEncoding = 4; lastKnownFileType = sourcecode.c.objc; path = MessageViewController.m; sourceTree = "<group>"; };
		8BBA09731828226F00DAF39D /* QuartzCore.framework */ = {isa = PBXFileReference; lastKnownFileType = wrapper.framework; name = QuartzCore.framework; path = System/Library/Frameworks/QuartzCore.framework; sourceTree = SDKROOT; };
		8BC3166A1889AEA80099EFEF /* KeccakLaneTests.h */ = {isa = PBXFileReference; fileEncoding = 4; lastKnownFileType = sourcecode.c.h; name = KeccakLaneTests.h; path = "HU Keccak AppTests/KeccakLaneTests.h"; sourceTree = SOURCE_ROOT; };
		8BC3166B1889AEA80099EFEF /* KeccakLaneTests.m */ = {isa = PBXFileReference; fileEncoding = 4; lastKnownFileType = sourcecode.c.objc; name = KeccakLaneTests.m; path = "HU Keccak AppTests/KeccakLaneTests.m"; sourceTree = SOURCE_ROOT; };
		8BC3166D1889AF2A0099EFEF /* KeccakLane.h */ = {isa = PBXFileReference; fileEncoding = 4; lastKnownFileType = sourcecode.c.h; name = KeccakLane.h; path = Model/KeccakLane.h; sourceTree = "<group>"; };
		8BC3166E1889AF2A0099EFEF /* KeccakLane.m */ = {isa = PBXFileReference; fileEncoding = 4; lastKnownFileType = sourcecode.c.objc; name = KeccakLane.m; path = Model/KeccakLane.m; sourceTree = "<group>"; };
		8BC52A1B1832DE87002F7AF3 /* PlainTextCell.h */ = {isa = PBXFileReference; fileEncoding = 4; lastKnownFileType = sourcecode.c.h; path = PlainTextCell.h; sourceTree = "<group>"; };
		8BC52A1C1832DE87002F7AF3 /* PlainTextCell.m */ = {isa = PBXFileReference; fileEncoding = 4; lastKnownFileType = sourcecode.c.objc; path = PlainTextCell.m; sourceTree = "<group>"; };
		8BC52A1E1833F8BF002F7AF3 /* Message.h */ = {isa = PBXFileReference; fileEncoding = 4; lastKnownFileType = sourcecode.c.h; name = Message.h; path = MessageViewModel/Message.h; sourceTree = "<group>"; };
		8BC52A1F1833F8C0002F7AF3 /* Message.m */ = {isa = PBXFileReference; fileEncoding = 4; lastKnownFileType = sourcecode.c.objc; name = Message.m; path = MessageViewModel/Message.m; sourceTree = "<group>"; };
		8BC5435F182AACB900148092 /* CoreData.framework */ = {isa = PBXFileReference; lastKnownFileType = wrapper.framework; name = CoreData.framework; path = System/Library/Frameworks/CoreData.framework; sourceTree = SDKROOT; };
		8BC54362182AB20200148092 /* Message_Log.xcdatamodel */ = {isa = PBXFileReference; lastKnownFileType = wrapper.xcdatamodel; path = Message_Log.xcdatamodel; sourceTree = "<group>"; };
		8BDB9EB9183E995900821CAF /* EditSettingsViewController.h */ = {isa = PBXFileReference; fileEncoding = 4; lastKnownFileType = sourcecode.c.h; path = EditSettingsViewController.h; sourceTree = "<group>"; };
		8BDB9EBA183E995900821CAF /* EditSettingsViewController.m */ = {isa = PBXFileReference; fileEncoding = 4; lastKnownFileType = sourcecode.c.objc; path = EditSettingsViewController.m; sourceTree = "<group>"; };
		8BF538B41816B733001F2F5C /* HU Keccak App.app */ = {isa = PBXFileReference; explicitFileType = wrapper.application; includeInIndex = 0; path = "HU Keccak App.app"; sourceTree = BUILT_PRODUCTS_DIR; };
		8BF538B71816B733001F2F5C /* Foundation.framework */ = {isa = PBXFileReference; lastKnownFileType = wrapper.framework; name = Foundation.framework; path = System/Library/Frameworks/Foundation.framework; sourceTree = SDKROOT; };
		8BF538B91816B733001F2F5C /* CoreGraphics.framework */ = {isa = PBXFileReference; lastKnownFileType = wrapper.framework; name = CoreGraphics.framework; path = System/Library/Frameworks/CoreGraphics.framework; sourceTree = SDKROOT; };
		8BF538BB1816B733001F2F5C /* UIKit.framework */ = {isa = PBXFileReference; lastKnownFileType = wrapper.framework; name = UIKit.framework; path = System/Library/Frameworks/UIKit.framework; sourceTree = SDKROOT; };
		8BF538BF1816B733001F2F5C /* HU Keccak App-Info.plist */ = {isa = PBXFileReference; lastKnownFileType = text.plist.xml; path = "HU Keccak App-Info.plist"; sourceTree = "<group>"; };
		8BF538C11816B733001F2F5C /* en */ = {isa = PBXFileReference; lastKnownFileType = text.plist.strings; name = en; path = en.lproj/InfoPlist.strings; sourceTree = "<group>"; };
		8BF538C31816B733001F2F5C /* main.m */ = {isa = PBXFileReference; lastKnownFileType = sourcecode.c.objc; path = main.m; sourceTree = "<group>"; };
		8BF538C51816B733001F2F5C /* HU Keccak App-Prefix.pch */ = {isa = PBXFileReference; lastKnownFileType = sourcecode.c.h; path = "HU Keccak App-Prefix.pch"; sourceTree = "<group>"; };
		8BF538C61816B733001F2F5C /* AppDelegate.h */ = {isa = PBXFileReference; lastKnownFileType = sourcecode.c.h; path = AppDelegate.h; sourceTree = "<group>"; };
		8BF538C71816B733001F2F5C /* AppDelegate.m */ = {isa = PBXFileReference; lastKnownFileType = sourcecode.c.objc; path = AppDelegate.m; sourceTree = "<group>"; };
		8BF538CA1816B733001F2F5C /* Base */ = {isa = PBXFileReference; lastKnownFileType = file.storyboard; name = Base; path = Base.lproj/Main_iPhone.storyboard; sourceTree = "<group>"; };
		8BF538CD1816B733001F2F5C /* Base */ = {isa = PBXFileReference; lastKnownFileType = file.storyboard; name = Base; path = Base.lproj/Main_iPad.storyboard; sourceTree = "<group>"; };
		8BF538D21816B734001F2F5C /* Images.xcassets */ = {isa = PBXFileReference; lastKnownFileType = folder.assetcatalog; path = Images.xcassets; sourceTree = "<group>"; };
		8BF538D81816B734001F2F5C /* HU Keccak AppTests.xctest */ = {isa = PBXFileReference; explicitFileType = wrapper.cfbundle; includeInIndex = 0; path = "HU Keccak AppTests.xctest"; sourceTree = BUILT_PRODUCTS_DIR; };
		8BF538D91816B734001F2F5C /* XCTest.framework */ = {isa = PBXFileReference; lastKnownFileType = wrapper.framework; name = XCTest.framework; path = Library/Frameworks/XCTest.framework; sourceTree = DEVELOPER_DIR; };
		8BF538E11816B734001F2F5C /* HU Keccak AppTests-Info.plist */ = {isa = PBXFileReference; lastKnownFileType = text.plist.xml; path = "HU Keccak AppTests-Info.plist"; sourceTree = "<group>"; };
		8BF538E31816B734001F2F5C /* en */ = {isa = PBXFileReference; lastKnownFileType = text.plist.strings; name = en; path = en.lproj/InfoPlist.strings; sourceTree = "<group>"; };
/* End PBXFileReference section */

/* Begin PBXFrameworksBuildPhase section */
		8BF538B11816B733001F2F5C /* Frameworks */ = {
			isa = PBXFrameworksBuildPhase;
			buildActionMask = 2147483647;
			files = (
				8B1342F318B6B5260085548A /* OpenGLES.framework in Frameworks */,
				8BC54360182AACB900148092 /* CoreData.framework in Frameworks */,
				8BBA09741828227000DAF39D /* QuartzCore.framework in Frameworks */,
				8BF538BA1816B733001F2F5C /* CoreGraphics.framework in Frameworks */,
				8BF538BC1816B733001F2F5C /* UIKit.framework in Frameworks */,
				8BF538B81816B733001F2F5C /* Foundation.framework in Frameworks */,
			);
			runOnlyForDeploymentPostprocessing = 0;
		};
		8BF538D51816B734001F2F5C /* Frameworks */ = {
			isa = PBXFrameworksBuildPhase;
			buildActionMask = 2147483647;
			files = (
				8BF538DA1816B734001F2F5C /* XCTest.framework in Frameworks */,
				8BF538DC1816B734001F2F5C /* UIKit.framework in Frameworks */,
				8BF538DB1816B734001F2F5C /* Foundation.framework in Frameworks */,
			);
			runOnlyForDeploymentPostprocessing = 0;
		};
/* End PBXFrameworksBuildPhase section */

/* Begin PBXGroup section */
		8B2258E018982DAF0021DAE5 /* KeccakModel */ = {
			isa = PBXGroup;
			children = (
				8B72ABAB188E3687003FFA17 /* KeccakBlock.h */,
				8B72ABAC188E3687003FFA17 /* KeccakBlock.m */,
				8BC3166D1889AF2A0099EFEF /* KeccakLane.h */,
				8BC3166E1889AF2A0099EFEF /* KeccakLane.m */,
				8B044D83182D4E9F00A17BFA /* KeccakMessage.h */,
				8B044D84182D4E9F00A17BFA /* KeccakMessage.m */,
			);
			name = KeccakModel;
			sourceTree = "<group>";
		};
		8B2258E118982DD40021DAE5 /* DataLogModel */ = {
			isa = PBXGroup;
			children = (
				8B2258E518982F7D0021DAE5 /* KeccakAbsorbingPhaseLog.h */,
				8B2258E618982F7D0021DAE5 /* KeccakAbsorbingPhaseLog.m */,
				8B2258E818982FA50021DAE5 /* KeccakDataLog.h */,
				8B2258E918982FA50021DAE5 /* KeccakDataLog.m */,
				8B2258EB18982FFE0021DAE5 /* KeccakInitializationPhaseLog.h */,
				8B2258EC18982FFE0021DAE5 /* KeccakInitializationPhaseLog.m */,
				8B2258EE1898306D0021DAE5 /* KeccakSqueezingPhaseLog.h */,
				8B2258EF1898306D0021DAE5 /* KeccakSqueezingPhaseLog.m */,
			);
			name = DataLogModel;
			sourceTree = "<group>";
		};
		8BBA09751828378E00DAF39D /* Model */ = {
			isa = PBXGroup;
			children = (
				8B536A5A18C7BEF700096B5A /* VisualKeccak.c */,
				8B044DC9182DD8B300A17BFA /* KeccakIdentity.h */,
				8B044DCA182DD8B300A17BFA /* KeccakIdentity.m */,
				8B044DCD182DDC2D00A17BFA /* KeccakMessageBlock.h */,
				8B044DCE182DDC2D00A17BFA /* KeccakMessageBlock.m */,
				8B044DB4182DCC5D00A17BFA /* KeccakSponge.h */,
				8B044DB5182DCC5D00A17BFA /* KeccakSponge.m */,
				8B044DC5182DD87300A17BFA /* KeccakPermutation.h */,
				8B044DC6182DD87300A17BFA /* KeccakPermutation.m */,
				8B044DBD182DD1E100A17BFA /* KeccakTransformation.h */,
				8B044DBE182DD1E100A17BFA /* KeccakTransformation.m */,
				8BC54361182AB20200148092 /* Message_Log.xcdatamodeld */,
			);
			name = Model;
			sourceTree = "<group>";
		};
		8BC52A211833F8CD002F7AF3 /* MessageViewModel */ = {
			isa = PBXGroup;
			children = (
				8B2258F1189832260021DAE5 /* CypherMessage.h */,
				8B2258F2189832260021DAE5 /* CypherMessage.m */,
				8BC52A1E1833F8BF002F7AF3 /* Message.h */,
				8BC52A1F1833F8C0002F7AF3 /* Message.m */,
				8B8F3A81183432DB000947CD /* MessageList.h */,
				8B8F3A82183432DB000947CD /* MessageList.m */,
				8B8F3A84183433F0000947CD /* MessageType.h */,
			);
			name = MessageViewModel;
			sourceTree = "<group>";
		};
		8BF538AB1816B733001F2F5C = {
			isa = PBXGroup;
			children = (
				8BF538BD1816B733001F2F5C /* HU Keccak App */,
				8BF538DF1816B734001F2F5C /* HU Keccak AppTests */,
				8BF538B61816B733001F2F5C /* Frameworks */,
				8BF538B51816B733001F2F5C /* Products */,
			);
			sourceTree = "<group>";
		};
		8BF538B51816B733001F2F5C /* Products */ = {
			isa = PBXGroup;
			children = (
				8BF538B41816B733001F2F5C /* HU Keccak App.app */,
				8BF538D81816B734001F2F5C /* HU Keccak AppTests.xctest */,
			);
			name = Products;
			sourceTree = "<group>";
		};
		8BF538B61816B733001F2F5C /* Frameworks */ = {
			isa = PBXGroup;
			children = (
				8B1342F218B6B5260085548A /* OpenGLES.framework */,
				8BC5435F182AACB900148092 /* CoreData.framework */,
				8BBA09731828226F00DAF39D /* QuartzCore.framework */,
				8BF538B71816B733001F2F5C /* Foundation.framework */,
				8BF538B91816B733001F2F5C /* CoreGraphics.framework */,
				8BF538BB1816B733001F2F5C /* UIKit.framework */,
				8BF538D91816B734001F2F5C /* XCTest.framework */,
			);
			name = Frameworks;
			sourceTree = "<group>";
		};
		8BF538BD1816B733001F2F5C /* HU Keccak App */ = {
			isa = PBXGroup;
			children = (
				8BF538CC1816B733001F2F5C /* Main_iPad.storyboard */,
				8BF538C91816B733001F2F5C /* Main_iPhone.storyboard */,
				8B38CBCC18355768003C27BA /* DetailViewController.h */,
				8B38CBCD18355768003C27BA /* DetailViewController.m */,
				8BDB9EB9183E995900821CAF /* EditSettingsViewController.h */,
				8BDB9EBA183E995900821CAF /* EditSettingsViewController.m */,
				8B38CBC618353767003C27BA /* MessageCollectionView.h */,
				8B38CBC718353767003C27BA /* MessageCollectionView.m */,
				8BBA09641827E48700DAF39D /* MessageViewController.h */,
				8BBA09651827E48700DAF39D /* MessageViewController.m */,
				8B1342F718B6B8E70085548A /* VisualDetailViewController.h */,
				8B1342F818B6B8E70085548A /* VisualDetailViewController.m */,
				8B1342F418B6B5850085548A /* VisualDetail.h */,
				8B1342F518B6B5850085548A /* VisualDetail.m */,
				8B2258E118982DD40021DAE5 /* DataLogModel */,
				8B2258E018982DAF0021DAE5 /* KeccakModel */,
				8BC52A211833F8CD002F7AF3 /* MessageViewModel */,
				8B38CBC918354ED6003C27BA /* CypherTextCell.h */,
				8B38CBCA18354ED6003C27BA /* CypherTextCell.m */,
				8BC52A1B1832DE87002F7AF3 /* PlainTextCell.h */,
				8BC52A1C1832DE87002F7AF3 /* PlainTextCell.m */,
				8BBA09751828378E00DAF39D /* Model */,
				8BF538D21816B734001F2F5C /* Images.xcassets */,
				8BF538BE1816B733001F2F5C /* Supporting Files */,
			);
			path = "HU Keccak App";
			sourceTree = "<group>";
		};
		8BF538BE1816B733001F2F5C /* Supporting Files */ = {
			isa = PBXGroup;
			children = (
				8BF538C61816B733001F2F5C /* AppDelegate.h */,
				8BF538C71816B733001F2F5C /* AppDelegate.m */,
				8BF538BF1816B733001F2F5C /* HU Keccak App-Info.plist */,
				8BF538C01816B733001F2F5C /* InfoPlist.strings */,
				8BF538C31816B733001F2F5C /* main.m */,
				8BF538C51816B733001F2F5C /* HU Keccak App-Prefix.pch */,
				8B044DB0182D69F000A17BFA /* NSString+Base64.h */,
				8B044DB1182D69F000A17BFA /* NSString+Base64.m */,
			);
			name = "Supporting Files";
			sourceTree = "<group>";
		};
		8BF538DF1816B734001F2F5C /* HU Keccak AppTests */ = {
			isa = PBXGroup;
			children = (
				8B2258F7189860C10021DAE5 /* CypherMessageTests.h */,
				8B2258F8189860C10021DAE5 /* CypherMessageTests.m */,
				8B72ABAE188E376F003FFA17 /* KeccakBlockTests.h */,
				8B72ABAF188E376F003FFA17 /* KeccakBlockTests.m */,
				8BC3166A1889AEA80099EFEF /* KeccakLaneTests.h */,
				8BC3166B1889AEA80099EFEF /* KeccakLaneTests.m */,
				8B72ABB4188EE6F5003FFA17 /* KeccakMessageTests.h */,
				8B72ABB5188EE6F5003FFA17 /* KeccakMessageTests.m */,
				8B2258F41898375D0021DAE5 /* MessageListTests.h */,
				8B2258F51898375D0021DAE5 /* MessageListTests.m */,
				8BF538E01816B734001F2F5C /* Supporting Files */,
			);
			path = "HU Keccak AppTests";
			sourceTree = "<group>";
		};
		8BF538E01816B734001F2F5C /* Supporting Files */ = {
			isa = PBXGroup;
			children = (
				8BF538E11816B734001F2F5C /* HU Keccak AppTests-Info.plist */,
				8BF538E21816B734001F2F5C /* InfoPlist.strings */,
			);
			name = "Supporting Files";
			sourceTree = "<group>";
		};
/* End PBXGroup section */

/* Begin PBXNativeTarget section */
		8BF538B31816B733001F2F5C /* HU Keccak App */ = {
			isa = PBXNativeTarget;
			buildConfigurationList = 8BF538E91816B734001F2F5C /* Build configuration list for PBXNativeTarget "HU Keccak App" */;
			buildPhases = (
				8BF538B01816B733001F2F5C /* Sources */,
				8BF538B11816B733001F2F5C /* Frameworks */,
				8BF538B21816B733001F2F5C /* Resources */,
			);
			buildRules = (
			);
			dependencies = (
			);
			name = "HU Keccak App";
			productName = "HU Keccak App";
			productReference = 8BF538B41816B733001F2F5C /* HU Keccak App.app */;
			productType = "com.apple.product-type.application";
		};
		8BF538D71816B734001F2F5C /* HU Keccak AppTests */ = {
			isa = PBXNativeTarget;
			buildConfigurationList = 8BF538EC1816B734001F2F5C /* Build configuration list for PBXNativeTarget "HU Keccak AppTests" */;
			buildPhases = (
				8BF538D41816B734001F2F5C /* Sources */,
				8BF538D51816B734001F2F5C /* Frameworks */,
				8BF538D61816B734001F2F5C /* Resources */,
			);
			buildRules = (
			);
			dependencies = (
				8BF538DE1816B734001F2F5C /* PBXTargetDependency */,
			);
			name = "HU Keccak AppTests";
			productName = "HU Keccak AppTests";
			productReference = 8BF538D81816B734001F2F5C /* HU Keccak AppTests.xctest */;
			productType = "com.apple.product-type.bundle.unit-test";
		};
/* End PBXNativeTarget section */

/* Begin PBXProject section */
		8BF538AC1816B733001F2F5C /* Project object */ = {
			isa = PBXProject;
			attributes = {
				LastUpgradeCheck = 0500;
				ORGANIZATIONNAME = "Philip Browning";
				TargetAttributes = {
					8BF538D71816B734001F2F5C = {
						TestTargetID = 8BF538B31816B733001F2F5C;
					};
				};
			};
			buildConfigurationList = 8BF538AF1816B733001F2F5C /* Build configuration list for PBXProject "HU Keccak App" */;
			compatibilityVersion = "Xcode 3.2";
			developmentRegion = English;
			hasScannedForEncodings = 0;
			knownRegions = (
				en,
				Base,
			);
			mainGroup = 8BF538AB1816B733001F2F5C;
			productRefGroup = 8BF538B51816B733001F2F5C /* Products */;
			projectDirPath = "";
			projectRoot = "";
			targets = (
				8BF538B31816B733001F2F5C /* HU Keccak App */,
				8BF538D71816B734001F2F5C /* HU Keccak AppTests */,
			);
		};
/* End PBXProject section */

/* Begin PBXResourcesBuildPhase section */
		8BF538B21816B733001F2F5C /* Resources */ = {
			isa = PBXResourcesBuildPhase;
			buildActionMask = 2147483647;
			files = (
				8BF538CE1816B733001F2F5C /* Main_iPad.storyboard in Resources */,
				8BF538D31816B734001F2F5C /* Images.xcassets in Resources */,
				8BF538CB1816B733001F2F5C /* Main_iPhone.storyboard in Resources */,
				8BF538C21816B733001F2F5C /* InfoPlist.strings in Resources */,
			);
			runOnlyForDeploymentPostprocessing = 0;
		};
		8BF538D61816B734001F2F5C /* Resources */ = {
			isa = PBXResourcesBuildPhase;
			buildActionMask = 2147483647;
			files = (
				8BF538E41816B734001F2F5C /* InfoPlist.strings in Resources */,
			);
			runOnlyForDeploymentPostprocessing = 0;
		};
/* End PBXResourcesBuildPhase section */

/* Begin PBXSourcesBuildPhase section */
		8BF538B01816B733001F2F5C /* Sources */ = {
			isa = PBXSourcesBuildPhase;
			buildActionMask = 2147483647;
			files = (
				8B2258EA18982FA50021DAE5 /* KeccakDataLog.m in Sources */,
				8B536A5B18C7BEF700096B5A /* VisualKeccak.c in Sources */,
				8BC3166F1889AF2A0099EFEF /* KeccakLane.m in Sources */,
				8BBA09661827E48700DAF39D /* MessageViewController.m in Sources */,
				8B1342F918B6B8E70085548A /* VisualDetailViewController.m in Sources */,
				8B2258F01898306D0021DAE5 /* KeccakSqueezingPhaseLog.m in Sources */,
				8B1342F618B6B5850085548A /* VisualDetail.m in Sources */,
				8B72ABAD188E3687003FFA17 /* KeccakBlock.m in Sources */,
				8B044DCF182DDC2D00A17BFA /* KeccakMessageBlock.m in Sources */,
				8B044DC7182DD87300A17BFA /* KeccakPermutation.m in Sources */,
				8BDB9EBB183E995900821CAF /* EditSettingsViewController.m in Sources */,
				8B38CBCE18355768003C27BA /* DetailViewController.m in Sources */,
				8BC52A201833F8C0002F7AF3 /* Message.m in Sources */,
				8B044DBF182DD1E100A17BFA /* KeccakTransformation.m in Sources */,
				8B044DB6182DCC5D00A17BFA /* KeccakSponge.m in Sources */,
				8BC52A1D1832DE87002F7AF3 /* PlainTextCell.m in Sources */,
				8BC54363182AB20200148092 /* Message_Log.xcdatamodeld in Sources */,
				8B38CBC818353767003C27BA /* MessageCollectionView.m in Sources */,
				8B044D85182D4E9F00A17BFA /* KeccakMessage.m in Sources */,
				8B2258ED18982FFE0021DAE5 /* KeccakInitializationPhaseLog.m in Sources */,
				8B044DB2182D69F000A17BFA /* NSString+Base64.m in Sources */,
				8B2258F3189832260021DAE5 /* CypherMessage.m in Sources */,
				8B38CBCB18354ED6003C27BA /* CypherTextCell.m in Sources */,
				8BF538C81816B733001F2F5C /* AppDelegate.m in Sources */,
				8B8F3A83183432DB000947CD /* MessageList.m in Sources */,
				8BF538C41816B733001F2F5C /* main.m in Sources */,
				8B044DCB182DD8B300A17BFA /* KeccakIdentity.m in Sources */,
				8B2258E718982F7D0021DAE5 /* KeccakAbsorbingPhaseLog.m in Sources */,
			);
			runOnlyForDeploymentPostprocessing = 0;
		};
		8BF538D41816B734001F2F5C /* Sources */ = {
			isa = PBXSourcesBuildPhase;
			buildActionMask = 2147483647;
			files = (
				8BC3166C1889AEA80099EFEF /* KeccakLaneTests.m in Sources */,
				8B72ABB6188EE6F5003FFA17 /* KeccakMessageTests.m in Sources */,
				8B72ABB0188E376F003FFA17 /* KeccakBlockTests.m in Sources */,
				8B044DB3182D69F000A17BFA /* NSString+Base64.m in Sources */,
				8B044DB7182DCC5D00A17BFA /* KeccakSponge.m in Sources */,
				8B044DCC182DD8B300A17BFA /* KeccakIdentity.m in Sources */,
				8B2258F9189860C10021DAE5 /* CypherMessageTests.m in Sources */,
				8B044DC8182DD87300A17BFA /* KeccakPermutation.m in Sources */,
				8B044DC0182DD1E100A17BFA /* KeccakTransformation.m in Sources */,
				8B044DD0182DDC2D00A17BFA /* KeccakMessageBlock.m in Sources */,
				8B2258F61898375D0021DAE5 /* MessageListTests.m in Sources */,
				8BC54364182AB20200148092 /* Message_Log.xcdatamodeld in Sources */,
			);
			runOnlyForDeploymentPostprocessing = 0;
		};
/* End PBXSourcesBuildPhase section */

/* Begin PBXTargetDependency section */
		8BF538DE1816B734001F2F5C /* PBXTargetDependency */ = {
			isa = PBXTargetDependency;
			target = 8BF538B31816B733001F2F5C /* HU Keccak App */;
			targetProxy = 8BF538DD1816B734001F2F5C /* PBXContainerItemProxy */;
		};
/* End PBXTargetDependency section */

/* Begin PBXVariantGroup section */
		8BF538C01816B733001F2F5C /* InfoPlist.strings */ = {
			isa = PBXVariantGroup;
			children = (
				8BF538C11816B733001F2F5C /* en */,
			);
			name = InfoPlist.strings;
			sourceTree = "<group>";
		};
		8BF538C91816B733001F2F5C /* Main_iPhone.storyboard */ = {
			isa = PBXVariantGroup;
			children = (
				8BF538CA1816B733001F2F5C /* Base */,
			);
			name = Main_iPhone.storyboard;
			sourceTree = "<group>";
		};
		8BF538CC1816B733001F2F5C /* Main_iPad.storyboard */ = {
			isa = PBXVariantGroup;
			children = (
				8BF538CD1816B733001F2F5C /* Base */,
			);
			name = Main_iPad.storyboard;
			sourceTree = "<group>";
		};
		8BF538E21816B734001F2F5C /* InfoPlist.strings */ = {
			isa = PBXVariantGroup;
			children = (
				8BF538E31816B734001F2F5C /* en */,
			);
			name = InfoPlist.strings;
			sourceTree = "<group>";
		};
/* End PBXVariantGroup section */

/* Begin XCBuildConfiguration section */
		8BF538E71816B734001F2F5C /* Debug */ = {
			isa = XCBuildConfiguration;
			buildSettings = {
				ALWAYS_SEARCH_USER_PATHS = NO;
				ARCHS = "$(ARCHS_STANDARD_INCLUDING_64_BIT)";
				CLANG_CXX_LANGUAGE_STANDARD = "gnu++0x";
				CLANG_CXX_LIBRARY = "libc++";
				CLANG_ENABLE_MODULES = YES;
				CLANG_ENABLE_OBJC_ARC = YES;
				CLANG_WARN_BOOL_CONVERSION = YES;
				CLANG_WARN_CONSTANT_CONVERSION = YES;
				CLANG_WARN_DIRECT_OBJC_ISA_USAGE = YES_ERROR;
				CLANG_WARN_EMPTY_BODY = YES;
				CLANG_WARN_ENUM_CONVERSION = YES;
				CLANG_WARN_INT_CONVERSION = YES;
				CLANG_WARN_OBJC_ROOT_CLASS = YES_ERROR;
				CLANG_WARN__DUPLICATE_METHOD_MATCH = YES;
				"CODE_SIGN_IDENTITY[sdk=iphoneos*]" = "iPhone Developer";
				COPY_PHASE_STRIP = NO;
				GCC_C_LANGUAGE_STANDARD = gnu99;
				GCC_DYNAMIC_NO_PIC = NO;
				GCC_OPTIMIZATION_LEVEL = 0;
				GCC_PREPROCESSOR_DEFINITIONS = (
					"DEBUG=1",
					"$(inherited)",
				);
				GCC_SYMBOLS_PRIVATE_EXTERN = NO;
				GCC_WARN_64_TO_32_BIT_CONVERSION = YES;
				GCC_WARN_ABOUT_RETURN_TYPE = YES_ERROR;
				GCC_WARN_UNDECLARED_SELECTOR = YES;
				GCC_WARN_UNINITIALIZED_AUTOS = YES;
				GCC_WARN_UNUSED_FUNCTION = YES;
				GCC_WARN_UNUSED_VARIABLE = YES;
				IPHONEOS_DEPLOYMENT_TARGET = 7.0;
				ONLY_ACTIVE_ARCH = YES;
				SDKROOT = iphoneos;
				TARGETED_DEVICE_FAMILY = "1,2";
			};
			name = Debug;
		};
		8BF538E81816B734001F2F5C /* Release */ = {
			isa = XCBuildConfiguration;
			buildSettings = {
				ALWAYS_SEARCH_USER_PATHS = NO;
				ARCHS = "$(ARCHS_STANDARD_INCLUDING_64_BIT)";
				CLANG_CXX_LANGUAGE_STANDARD = "gnu++0x";
				CLANG_CXX_LIBRARY = "libc++";
				CLANG_ENABLE_MODULES = YES;
				CLANG_ENABLE_OBJC_ARC = YES;
				CLANG_WARN_BOOL_CONVERSION = YES;
				CLANG_WARN_CONSTANT_CONVERSION = YES;
				CLANG_WARN_DIRECT_OBJC_ISA_USAGE = YES_ERROR;
				CLANG_WARN_EMPTY_BODY = YES;
				CLANG_WARN_ENUM_CONVERSION = YES;
				CLANG_WARN_INT_CONVERSION = YES;
				CLANG_WARN_OBJC_ROOT_CLASS = YES_ERROR;
				CLANG_WARN__DUPLICATE_METHOD_MATCH = YES;
				"CODE_SIGN_IDENTITY[sdk=iphoneos*]" = "iPhone Developer";
				COPY_PHASE_STRIP = YES;
				ENABLE_NS_ASSERTIONS = NO;
				GCC_C_LANGUAGE_STANDARD = gnu99;
				GCC_WARN_64_TO_32_BIT_CONVERSION = YES;
				GCC_WARN_ABOUT_RETURN_TYPE = YES_ERROR;
				GCC_WARN_UNDECLARED_SELECTOR = YES;
				GCC_WARN_UNINITIALIZED_AUTOS = YES;
				GCC_WARN_UNUSED_FUNCTION = YES;
				GCC_WARN_UNUSED_VARIABLE = YES;
				IPHONEOS_DEPLOYMENT_TARGET = 7.0;
				SDKROOT = iphoneos;
				TARGETED_DEVICE_FAMILY = "1,2";
				VALIDATE_PRODUCT = YES;
			};
			name = Release;
		};
		8BF538EA1816B734001F2F5C /* Debug */ = {
			isa = XCBuildConfiguration;
			buildSettings = {
				ASSETCATALOG_COMPILER_APPICON_NAME = AppIcon;
				ASSETCATALOG_COMPILER_LAUNCHIMAGE_NAME = LaunchImage;
				GCC_PRECOMPILE_PREFIX_HEADER = YES;
				GCC_PREFIX_HEADER = "HU Keccak App/HU Keccak App-Prefix.pch";
				INFOPLIST_FILE = "HU Keccak App/HU Keccak App-Info.plist";
				PRODUCT_NAME = "$(TARGET_NAME)";
				WRAPPER_EXTENSION = app;
			};
			name = Debug;
		};
		8BF538EB1816B734001F2F5C /* Release */ = {
			isa = XCBuildConfiguration;
			buildSettings = {
				ASSETCATALOG_COMPILER_APPICON_NAME = AppIcon;
				ASSETCATALOG_COMPILER_LAUNCHIMAGE_NAME = LaunchImage;
				GCC_PRECOMPILE_PREFIX_HEADER = YES;
				GCC_PREFIX_HEADER = "HU Keccak App/HU Keccak App-Prefix.pch";
				INFOPLIST_FILE = "HU Keccak App/HU Keccak App-Info.plist";
				PRODUCT_NAME = "$(TARGET_NAME)";
				WRAPPER_EXTENSION = app;
			};
			name = Release;
		};
		8BF538ED1816B734001F2F5C /* Debug */ = {
			isa = XCBuildConfiguration;
			buildSettings = {
				ARCHS = "$(ARCHS_STANDARD_INCLUDING_64_BIT)";
				BUNDLE_LOADER = "$(BUILT_PRODUCTS_DIR)/HU Keccak App.app/HU Keccak App";
				FRAMEWORK_SEARCH_PATHS = (
					"$(SDKROOT)/Developer/Library/Frameworks",
					"$(inherited)",
					"$(DEVELOPER_FRAMEWORKS_DIR)",
				);
				GCC_PRECOMPILE_PREFIX_HEADER = YES;
				GCC_PREFIX_HEADER = "HU Keccak App/HU Keccak App-Prefix.pch";
				GCC_PREPROCESSOR_DEFINITIONS = (
					"DEBUG=1",
					"$(inherited)",
				);
				INFOPLIST_FILE = "HU Keccak AppTests/HU Keccak AppTests-Info.plist";
				PRODUCT_NAME = "$(TARGET_NAME)";
				TEST_HOST = "$(BUNDLE_LOADER)";
				WRAPPER_EXTENSION = xctest;
			};
			name = Debug;
		};
		8BF538EE1816B734001F2F5C /* Release */ = {
			isa = XCBuildConfiguration;
			buildSettings = {
				ARCHS = "$(ARCHS_STANDARD_INCLUDING_64_BIT)";
				BUNDLE_LOADER = "$(BUILT_PRODUCTS_DIR)/HU Keccak App.app/HU Keccak App";
				FRAMEWORK_SEARCH_PATHS = (
					"$(SDKROOT)/Developer/Library/Frameworks",
					"$(inherited)",
					"$(DEVELOPER_FRAMEWORKS_DIR)",
				);
				GCC_PRECOMPILE_PREFIX_HEADER = YES;
				GCC_PREFIX_HEADER = "HU Keccak App/HU Keccak App-Prefix.pch";
				INFOPLIST_FILE = "HU Keccak AppTests/HU Keccak AppTests-Info.plist";
				PRODUCT_NAME = "$(TARGET_NAME)";
				TEST_HOST = "$(BUNDLE_LOADER)";
				WRAPPER_EXTENSION = xctest;
			};
			name = Release;
		};
/* End XCBuildConfiguration section */

/* Begin XCConfigurationList section */
		8BF538AF1816B733001F2F5C /* Build configuration list for PBXProject "HU Keccak App" */ = {
			isa = XCConfigurationList;
			buildConfigurations = (
				8BF538E71816B734001F2F5C /* Debug */,
				8BF538E81816B734001F2F5C /* Release */,
			);
			defaultConfigurationIsVisible = 0;
			defaultConfigurationName = Release;
		};
		8BF538E91816B734001F2F5C /* Build configuration list for PBXNativeTarget "HU Keccak App" */ = {
			isa = XCConfigurationList;
			buildConfigurations = (
				8BF538EA1816B734001F2F5C /* Debug */,
				8BF538EB1816B734001F2F5C /* Release */,
			);
			defaultConfigurationIsVisible = 0;
			defaultConfigurationName = Release;
		};
		8BF538EC1816B734001F2F5C /* Build configuration list for PBXNativeTarget "HU Keccak AppTests" */ = {
			isa = XCConfigurationList;
			buildConfigurations = (
				8BF538ED1816B734001F2F5C /* Debug */,
				8BF538EE1816B734001F2F5C /* Release */,
			);
			defaultConfigurationIsVisible = 0;
			defaultConfigurationName = Release;
		};
/* End XCConfigurationList section */

/* Begin XCVersionGroup section */
		8BC54361182AB20200148092 /* Message_Log.xcdatamodeld */ = {
			isa = XCVersionGroup;
			children = (
				8BC54362182AB20200148092 /* Message_Log.xcdatamodel */,
			);
			currentVersion = 8BC54362182AB20200148092 /* Message_Log.xcdatamodel */;
			name = Message_Log.xcdatamodeld;
			path = Model/Message_Log.xcdatamodeld;
			sourceTree = "<group>";
			versionGroupType = wrapper.xcdatamodel;
		};
/* End XCVersionGroup section */
	};
	rootObject = 8BF538AC1816B733001F2F5C /* Project object */;
}
