// !$*UTF8*$!
{
	archiveVersion = 1;
	classes = {
	};
	objectVersion = 46;
	objects = {

/* Begin PBXBuildFile section */
		8BF538B81816B733001F2F5C /* Foundation.framework in Frameworks */ = {isa = PBXBuildFile; fileRef = 8BF538B71816B733001F2F5C /* Foundation.framework */; };
		8BF538BA1816B733001F2F5C /* CoreGraphics.framework in Frameworks */ = {isa = PBXBuildFile; fileRef = 8BF538B91816B733001F2F5C /* CoreGraphics.framework */; };
		8BF538BC1816B733001F2F5C /* UIKit.framework in Frameworks */ = {isa = PBXBuildFile; fileRef = 8BF538BB1816B733001F2F5C /* UIKit.framework */; };
		8BF538C21816B733001F2F5C /* InfoPlist.strings in Resources */ = {isa = PBXBuildFile; fileRef = 8BF538C01816B733001F2F5C /* InfoPlist.strings */; };
		8BF538C41816B733001F2F5C /* main.m in Sources */ = {isa = PBXBuildFile; fileRef = 8BF538C31816B733001F2F5C /* main.m */; };
		8BF538C81816B733001F2F5C /* AppDelegate.m in Sources */ = {isa = PBXBuildFile; fileRef = 8BF538C71816B733001F2F5C /* AppDelegate.m */; };
		8BF538CB1816B733001F2F5C /* Main_iPhone.storyboard in Resources */ = {isa = PBXBuildFile; fileRef = 8BF538C91816B733001F2F5C /* Main_iPhone.storyboard */; };
		8BF538CE1816B733001F2F5C /* Main_iPad.storyboard in Resources */ = {isa = PBXBuildFile; fileRef = 8BF538CC1816B733001F2F5C /* Main_iPad.storyboard */; };
		8BF538D11816B733001F2F5C /* ViewController.m in Sources */ = {isa = PBXBuildFile; fileRef = 8BF538D01816B733001F2F5C /* ViewController.m */; };
		8BF538D31816B734001F2F5C /* Images.xcassets in Resources */ = {isa = PBXBuildFile; fileRef = 8BF538D21816B734001F2F5C /* Images.xcassets */; };
		8BF538DA1816B734001F2F5C /* XCTest.framework in Frameworks */ = {isa = PBXBuildFile; fileRef = 8BF538D91816B734001F2F5C /* XCTest.framework */; };
		8BF538DB1816B734001F2F5C /* Foundation.framework in Frameworks */ = {isa = PBXBuildFile; fileRef = 8BF538B71816B733001F2F5C /* Foundation.framework */; };
		8BF538DC1816B734001F2F5C /* UIKit.framework in Frameworks */ = {isa = PBXBuildFile; fileRef = 8BF538BB1816B733001F2F5C /* UIKit.framework */; };
		8BF538E41816B734001F2F5C /* InfoPlist.strings in Resources */ = {isa = PBXBuildFile; fileRef = 8BF538E21816B734001F2F5C /* InfoPlist.strings */; };
		8BF538E61816B734001F2F5C /* HU_Keccak_AppTests.m in Sources */ = {isa = PBXBuildFile; fileRef = 8BF538E51816B734001F2F5C /* HU_Keccak_AppTests.m */; };
/* End PBXBuildFile section */

/* Begin PBXContainerItemProxy section */
		8BF538DD1816B734001F2F5C /* PBXContainerItemProxy */ = {
			isa = PBXContainerItemProxy;
			containerPortal = 8BF538AC1816B733001F2F5C /* Project object */;
			proxyType = 1;
			remoteGlobalIDString = 8BF538B31816B733001F2F5C;
			remoteInfo = "HU Keccak App";
		};
/* End PBXContainerItemProxy section */

/* Begin PBXFileReference section */
		8BF538B41816B733001F2F5C /* HU Keccak App.app */ = {isa = PBXFileReference; explicitFileType = wrapper.application; includeInIndex = 0; path = "HU Keccak App.app"; sourceTree = BUILT_PRODUCTS_DIR; };
		8BF538B71816B733001F2F5C /* Foundation.framework */ = {isa = PBXFileReference; lastKnownFileType = wrapper.framework; name = Foundation.framework; path = System/Library/Frameworks/Foundation.framework; sourceTree = SDKROOT; };
		8BF538B91816B733001F2F5C /* CoreGraphics.framework */ = {isa = PBXFileReference; lastKnownFileType = wrapper.framework; name = CoreGraphics.framework; path = System/Library/Frameworks/CoreGraphics.framework; sourceTree = SDKROOT; };
		8BF538BB1816B733001F2F5C /* UIKit.framework */ = {isa = PBXFileReference; lastKnownFileType = wrapper.framework; name = UIKit.framework; path = System/Library/Frameworks/UIKit.framework; sourceTree = SDKROOT; };
		8BF538BF1816B733001F2F5C /* HU Keccak App-Info.plist */ = {isa = PBXFileReference; lastKnownFileType = text.plist.xml; path = "HU Keccak App-Info.plist"; sourceTree = "<group>"; };
		8BF538C11816B733001F2F5C /* en */ = {isa = PBXFileReference; lastKnownFileType = text.plist.strings; name = en; path = en.lproj/InfoPlist.strings; sourceTree = "<group>"; };
		8BF538C31816B733001F2F5C /* main.m */ = {isa = PBXFileReference; lastKnownFileType = sourcecode.c.objc; path = main.m; sourceTree = "<group>"; };
		8BF538C51816B733001F2F5C /* HU Keccak App-Prefix.pch */ = {isa = PBXFileReference; lastKnownFileType = sourcecode.c.h; path = "HU Keccak App-Prefix.pch"; sourceTree = "<group>"; };
		8BF538C61816B733001F2F5C /* AppDelegate.h */ = {isa = PBXFileReference; lastKnownFileType = sourcecode.c.h; path = AppDelegate.h; sourceTree = "<group>"; };
		8BF538C71816B733001F2F5C /* AppDelegate.m */ = {isa = PBXFileReference; lastKnownFileType = sourcecode.c.objc; path = AppDelegate.m; sourceTree = "<group>"; };
		8BF538CA1816B733001F2F5C /* Base */ = {isa = PBXFileReference; lastKnownFileType = file.storyboard; name = Base; path = Base.lproj/Main_iPhone.storyboard; sourceTree = "<group>"; };
		8BF538CD1816B733001F2F5C /* Base */ = {isa = PBXFileReference; lastKnownFileType = file.storyboard; name = Base; path = Base.lproj/Main_iPad.storyboard; sourceTree = "<group>"; };
		8BF538CF1816B733001F2F5C /* ViewController.h */ = {isa = PBXFileReference; lastKnownFileType = sourcecode.c.h; path = ViewController.h; sourceTree = "<group>"; };
		8BF538D01816B733001F2F5C /* ViewController.m */ = {isa = PBXFileReference; lastKnownFileType = sourcecode.c.objc; path = ViewController.m; sourceTree = "<group>"; };
		8BF538D21816B734001F2F5C /* Images.xcassets */ = {isa = PBXFileReference; lastKnownFileType = folder.assetcatalog; path = Images.xcassets; sourceTree = "<group>"; };
		8BF538D81816B734001F2F5C /* HU Keccak AppTests.xctest */ = {isa = PBXFileReference; explicitFileType = wrapper.cfbundle; includeInIndex = 0; path = "HU Keccak AppTests.xctest"; sourceTree = BUILT_PRODUCTS_DIR; };
		8BF538D91816B734001F2F5C /* XCTest.framework */ = {isa = PBXFileReference; lastKnownFileType = wrapper.framework; name = XCTest.framework; path = Library/Frameworks/XCTest.framework; sourceTree = DEVELOPER_DIR; };
		8BF538E11816B734001F2F5C /* HU Keccak AppTests-Info.plist */ = {isa = PBXFileReference; lastKnownFileType = text.plist.xml; path = "HU Keccak AppTests-Info.plist"; sourceTree = "<group>"; };
		8BF538E31816B734001F2F5C /* en */ = {isa = PBXFileReference; lastKnownFileType = text.plist.strings; name = en; path = en.lproj/InfoPlist.strings; sourceTree = "<group>"; };
		8BF538E51816B734001F2F5C /* HU_Keccak_AppTests.m */ = {isa = PBXFileReference; lastKnownFileType = sourcecode.c.objc; path = HU_Keccak_AppTests.m; sourceTree = "<group>"; };
/* End PBXFileReference section */

/* Begin PBXFrameworksBuildPhase section */
		8BF538B11816B733001F2F5C /* Frameworks */ = {
			isa = PBXFrameworksBuildPhase;
			buildActionMask = 2147483647;
			files = (
				8BF538BA1816B733001F2F5C /* CoreGraphics.framework in Frameworks */,
				8BF538BC1816B733001F2F5C /* UIKit.framework in Frameworks */,
				8BF538B81816B733001F2F5C /* Foundation.framework in Frameworks */,
			);
			runOnlyForDeploymentPostprocessing = 0;
		};
		8BF538D51816B734001F2F5C /* Frameworks */ = {
			isa = PBXFrameworksBuildPhase;
			buildActionMask = 2147483647;
			files = (
				8BF538DA1816B734001F2F5C /* XCTest.framework in Frameworks */,
				8BF538DC1816B734001F2F5C /* UIKit.framework in Frameworks */,
				8BF538DB1816B734001F2F5C /* Foundation.framework in Frameworks */,
			);
			runOnlyForDeploymentPostprocessing = 0;
		};
/* End PBXFrameworksBuildPhase section */

/* Begin PBXGroup section */
		8BF538AB1816B733001F2F5C = {
			isa = PBXGroup;
			children = (
				8BF538BD1816B733001F2F5C /* HU Keccak App */,
				8BF538DF1816B734001F2F5C /* HU Keccak AppTests */,
				8BF538B61816B733001F2F5C /* Frameworks */,
				8BF538B51816B733001F2F5C /* Products */,
			);
			sourceTree = "<group>";
		};
		8BF538B51816B733001F2F5C /* Products */ = {
			isa = PBXGroup;
			children = (
				8BF538B41816B733001F2F5C /* HU Keccak App.app */,
				8BF538D81816B734001F2F5C /* HU Keccak AppTests.xctest */,
			);
			name = Products;
			sourceTree = "<group>";
		};
		8BF538B61816B733001F2F5C /* Frameworks */ = {
			isa = PBXGroup;
			children = (
				8BF538B71816B733001F2F5C /* Foundation.framework */,
				8BF538B91816B733001F2F5C /* CoreGraphics.framework */,
				8BF538BB1816B733001F2F5C /* UIKit.framework */,
				8BF538D91816B734001F2F5C /* XCTest.framework */,
			);
			name = Frameworks;
			sourceTree = "<group>";
		};
		8BF538BD1816B733001F2F5C /* HU Keccak App */ = {
			isa = PBXGroup;
			children = (
				8BF538C61816B733001F2F5C /* AppDelegate.h */,
				8BF538C71816B733001F2F5C /* AppDelegate.m */,
				8BF538C91816B733001F2F5C /* Main_iPhone.storyboard */,
				8BF538CC1816B733001F2F5C /* Main_iPad.storyboard */,
				8BF538CF1816B733001F2F5C /* ViewController.h */,
				8BF538D01816B733001F2F5C /* ViewController.m */,
				8BF538D21816B734001F2F5C /* Images.xcassets */,
				8BF538BE1816B733001F2F5C /* Supporting Files */,
			);
			path = "HU Keccak App";
			sourceTree = "<group>";
		};
		8BF538BE1816B733001F2F5C /* Supporting Files */ = {
			isa = PBXGroup;
			children = (
				8BF538BF1816B733001F2F5C /* HU Keccak App-Info.plist */,
				8BF538C01816B733001F2F5C /* InfoPlist.strings */,
				8BF538C31816B733001F2F5C /* main.m */,
				8BF538C51816B733001F2F5C /* HU Keccak App-Prefix.pch */,
			);
			name = "Supporting Files";
			sourceTree = "<group>";
		};
		8BF538DF1816B734001F2F5C /* HU Keccak AppTests */ = {
			isa = PBXGroup;
			children = (
				8BF538E51816B734001F2F5C /* HU_Keccak_AppTests.m */,
				8BF538E01816B734001F2F5C /* Supporting Files */,
			);
			path = "HU Keccak AppTests";
			sourceTree = "<group>";
		};
		8BF538E01816B734001F2F5C /* Supporting Files */ = {
			isa = PBXGroup;
			children = (
				8BF538E11816B734001F2F5C /* HU Keccak AppTests-Info.plist */,
				8BF538E21816B734001F2F5C /* InfoPlist.strings */,
			);
			name = "Supporting Files";
			sourceTree = "<group>";
		};
/* End PBXGroup section */

/* Begin PBXNativeTarget section */
		8BF538B31816B733001F2F5C /* HU Keccak App */ = {
			isa = PBXNativeTarget;
			buildConfigurationList = 8BF538E91816B734001F2F5C /* Build configuration list for PBXNativeTarget "HU Keccak App" */;
			buildPhases = (
				8BF538B01816B733001F2F5C /* Sources */,
				8BF538B11816B733001F2F5C /* Frameworks */,
				8BF538B21816B733001F2F5C /* Resources */,
			);
			buildRules = (
			);
			dependencies = (
			);
			name = "HU Keccak App";
			productName = "HU Keccak App";
			productReference = 8BF538B41816B733001F2F5C /* HU Keccak App.app */;
			productType = "com.apple.product-type.application";
		};
		8BF538D71816B734001F2F5C /* HU Keccak AppTests */ = {
			isa = PBXNativeTarget;
			buildConfigurationList = 8BF538EC1816B734001F2F5C /* Build configuration list for PBXNativeTarget "HU Keccak AppTests" */;
			buildPhases = (
				8BF538D41816B734001F2F5C /* Sources */,
				8BF538D51816B734001F2F5C /* Frameworks */,
				8BF538D61816B734001F2F5C /* Resources */,
			);
			buildRules = (
			);
			dependencies = (
				8BF538DE1816B734001F2F5C /* PBXTargetDependency */,
			);
			name = "HU Keccak AppTests";
			productName = "HU Keccak AppTests";
			productReference = 8BF538D81816B734001F2F5C /* HU Keccak AppTests.xctest */;
			productType = "com.apple.product-type.bundle.unit-test";
		};
/* End PBXNativeTarget section */

/* Begin PBXProject section */
		8BF538AC1816B733001F2F5C /* Project object */ = {
			isa = PBXProject;
			attributes = {
				LastUpgradeCheck = 0500;
				ORGANIZATIONNAME = "Philip Browning";
				TargetAttributes = {
					8BF538D71816B734001F2F5C = {
						TestTargetID = 8BF538B31816B733001F2F5C;
					};
				};
			};
			buildConfigurationList = 8BF538AF1816B733001F2F5C /* Build configuration list for PBXProject "HU Keccak App" */;
			compatibilityVersion = "Xcode 3.2";
			developmentRegion = English;
			hasScannedForEncodings = 0;
			knownRegions = (
				en,
				Base,
			);
			mainGroup = 8BF538AB1816B733001F2F5C;
			productRefGroup = 8BF538B51816B733001F2F5C /* Products */;
			projectDirPath = "";
			projectRoot = "";
			targets = (
				8BF538B31816B733001F2F5C /* HU Keccak App */,
				8BF538D71816B734001F2F5C /* HU Keccak AppTests */,
			);
		};
/* End PBXProject section */

/* Begin PBXResourcesBuildPhase section */
		8BF538B21816B733001F2F5C /* Resources */ = {
			isa = PBXResourcesBuildPhase;
			buildActionMask = 2147483647;
			files = (
				8BF538CE1816B733001F2F5C /* Main_iPad.storyboard in Resources */,
				8BF538D31816B734001F2F5C /* Images.xcassets in Resources */,
				8BF538CB1816B733001F2F5C /* Main_iPhone.storyboard in Resources */,
				8BF538C21816B733001F2F5C /* InfoPlist.strings in Resources */,
			);
			runOnlyForDeploymentPostprocessing = 0;
		};
		8BF538D61816B734001F2F5C /* Resources */ = {
			isa = PBXResourcesBuildPhase;
			buildActionMask = 2147483647;
			files = (
				8BF538E41816B734001F2F5C /* InfoPlist.strings in Resources */,
			);
			runOnlyForDeploymentPostprocessing = 0;
		};
/* End PBXResourcesBuildPhase section */

/* Begin PBXSourcesBuildPhase section */
		8BF538B01816B733001F2F5C /* Sources */ = {
			isa = PBXSourcesBuildPhase;
			buildActionMask = 2147483647;
			files = (
				8BF538D11816B733001F2F5C /* ViewController.m in Sources */,
				8BF538C81816B733001F2F5C /* AppDelegate.m in Sources */,
				8BF538C41816B733001F2F5C /* main.m in Sources */,
			);
			runOnlyForDeploymentPostprocessing = 0;
		};
		8BF538D41816B734001F2F5C /* Sources */ = {
			isa = PBXSourcesBuildPhase;
			buildActionMask = 2147483647;
			files = (
				8BF538E61816B734001F2F5C /* HU_Keccak_AppTests.m in Sources */,
			);
			runOnlyForDeploymentPostprocessing = 0;
		};
/* End PBXSourcesBuildPhase section */

/* Begin PBXTargetDependency section */
		8BF538DE1816B734001F2F5C /* PBXTargetDependency */ = {
			isa = PBXTargetDependency;
			target = 8BF538B31816B733001F2F5C /* HU Keccak App */;
			targetProxy = 8BF538DD1816B734001F2F5C /* PBXContainerItemProxy */;
		};
/* End PBXTargetDependency section */

/* Begin PBXVariantGroup section */
		8BF538C01816B733001F2F5C /* InfoPlist.strings */ = {
			isa = PBXVariantGroup;
			children = (
				8BF538C11816B733001F2F5C /* en */,
			);
			name = InfoPlist.strings;
			sourceTree = "<group>";
		};
		8BF538C91816B733001F2F5C /* Main_iPhone.storyboard */ = {
			isa = PBXVariantGroup;
			children = (
				8BF538CA1816B733001F2F5C /* Base */,
			);
			name = Main_iPhone.storyboard;
			sourceTree = "<group>";
		};
		8BF538CC1816B733001F2F5C /* Main_iPad.storyboard */ = {
			isa = PBXVariantGroup;
			children = (
				8BF538CD1816B733001F2F5C /* Base */,
			);
			name = Main_iPad.storyboard;
			sourceTree = "<group>";
		};
		8BF538E21816B734001F2F5C /* InfoPlist.strings */ = {
			isa = PBXVariantGroup;
			children = (
				8BF538E31816B734001F2F5C /* en */,
			);
			name = InfoPlist.strings;
			sourceTree = "<group>";
		};
/* End PBXVariantGroup section */

/* Begin XCBuildConfiguration section */
		8BF538E71816B734001F2F5C /* Debug */ = {
			isa = XCBuildConfiguration;
			buildSettings = {
				ALWAYS_SEARCH_USER_PATHS = NO;
				ARCHS = "$(ARCHS_STANDARD_INCLUDING_64_BIT)";
				CLANG_CXX_LANGUAGE_STANDARD = "gnu++0x";
				CLANG_CXX_LIBRARY = "libc++";
				CLANG_ENABLE_MODULES = YES;
				CLANG_ENABLE_OBJC_ARC = YES;
				CLANG_WARN_BOOL_CONVERSION = YES;
				CLANG_WARN_CONSTANT_CONVERSION = YES;
				CLANG_WARN_DIRECT_OBJC_ISA_USAGE = YES_ERROR;
				CLANG_WARN_EMPTY_BODY = YES;
				CLANG_WARN_ENUM_CONVERSION = YES;
				CLANG_WARN_INT_CONVERSION = YES;
				CLANG_WARN_OBJC_ROOT_CLASS = YES_ERROR;
				CLANG_WARN__DUPLICATE_METHOD_MATCH = YES;
				"CODE_SIGN_IDENTITY[sdk=iphoneos*]" = "iPhone Developer";
				COPY_PHASE_STRIP = NO;
				GCC_C_LANGUAGE_STANDARD = gnu99;
				GCC_DYNAMIC_NO_PIC = NO;
				GCC_OPTIMIZATION_LEVEL = 0;
				GCC_PREPROCESSOR_DEFINITIONS = (
					"DEBUG=1",
					"$(inherited)",
				);
				GCC_SYMBOLS_PRIVATE_EXTERN = NO;
				GCC_WARN_64_TO_32_BIT_CONVERSION = YES;
				GCC_WARN_ABOUT_RETURN_TYPE = YES_ERROR;
				GCC_WARN_UNDECLARED_SELECTOR = YES;
				GCC_WARN_UNINITIALIZED_AUTOS = YES;
				GCC_WARN_UNUSED_FUNCTION = YES;
				GCC_WARN_UNUSED_VARIABLE = YES;
				IPHONEOS_DEPLOYMENT_TARGET = 7.0;
				ONLY_ACTIVE_ARCH = YES;
				SDKROOT = iphoneos;
				TARGETED_DEVICE_FAMILY = "1,2";
			};
			name = Debug;
		};
		8BF538E81816B734001F2F5C /* Release */ = {
			isa = XCBuildConfiguration;
			buildSettings = {
				ALWAYS_SEARCH_USER_PATHS = NO;
				ARCHS = "$(ARCHS_STANDARD_INCLUDING_64_BIT)";
				CLANG_CXX_LANGUAGE_STANDARD = "gnu++0x";
				CLANG_CXX_LIBRARY = "libc++";
				CLANG_ENABLE_MODULES = YES;
				CLANG_ENABLE_OBJC_ARC = YES;
				CLANG_WARN_BOOL_CONVERSION = YES;
				CLANG_WARN_CONSTANT_CONVERSION = YES;
				CLANG_WARN_DIRECT_OBJC_ISA_USAGE = YES_ERROR;
				CLANG_WARN_EMPTY_BODY = YES;
				CLANG_WARN_ENUM_CONVERSION = YES;
				CLANG_WARN_INT_CONVERSION = YES;
				CLANG_WARN_OBJC_ROOT_CLASS = YES_ERROR;
				CLANG_WARN__DUPLICATE_METHOD_MATCH = YES;
				"CODE_SIGN_IDENTITY[sdk=iphoneos*]" = "iPhone Developer";
				COPY_PHASE_STRIP = YES;
				ENABLE_NS_ASSERTIONS = NO;
				GCC_C_LANGUAGE_STANDARD = gnu99;
				GCC_WARN_64_TO_32_BIT_CONVERSION = YES;
				GCC_WARN_ABOUT_RETURN_TYPE = YES_ERROR;
				GCC_WARN_UNDECLARED_SELECTOR = YES;
				GCC_WARN_UNINITIALIZED_AUTOS = YES;
				GCC_WARN_UNUSED_FUNCTION = YES;
				GCC_WARN_UNUSED_VARIABLE = YES;
				IPHONEOS_DEPLOYMENT_TARGET = 7.0;
				SDKROOT = iphoneos;
				TARGETED_DEVICE_FAMILY = "1,2";
				VALIDATE_PRODUCT = YES;
			};
			name = Release;
		};
		8BF538EA1816B734001F2F5C /* Debug */ = {
			isa = XCBuildConfiguration;
			buildSettings = {
				ASSETCATALOG_COMPILER_APPICON_NAME = AppIcon;
				ASSETCATALOG_COMPILER_LAUNCHIMAGE_NAME = LaunchImage;
				GCC_PRECOMPILE_PREFIX_HEADER = YES;
				GCC_PREFIX_HEADER = "HU Keccak App/HU Keccak App-Prefix.pch";
				INFOPLIST_FILE = "HU Keccak App/HU Keccak App-Info.plist";
				PRODUCT_NAME = "$(TARGET_NAME)";
				WRAPPER_EXTENSION = app;
			};
			name = Debug;
		};
		8BF538EB1816B734001F2F5C /* Release */ = {
			isa = XCBuildConfiguration;
			buildSettings = {
				ASSETCATALOG_COMPILER_APPICON_NAME = AppIcon;
				ASSETCATALOG_COMPILER_LAUNCHIMAGE_NAME = LaunchImage;
				GCC_PRECOMPILE_PREFIX_HEADER = YES;
				GCC_PREFIX_HEADER = "HU Keccak App/HU Keccak App-Prefix.pch";
				INFOPLIST_FILE = "HU Keccak App/HU Keccak App-Info.plist";
				PRODUCT_NAME = "$(TARGET_NAME)";
				WRAPPER_EXTENSION = app;
			};
			name = Release;
		};
		8BF538ED1816B734001F2F5C /* Debug */ = {
			isa = XCBuildConfiguration;
			buildSettings = {
				ARCHS = "$(ARCHS_STANDARD_INCLUDING_64_BIT)";
				BUNDLE_LOADER = "$(BUILT_PRODUCTS_DIR)/HU Keccak App.app/HU Keccak App";
				FRAMEWORK_SEARCH_PATHS = (
					"$(SDKROOT)/Developer/Library/Frameworks",
					"$(inherited)",
					"$(DEVELOPER_FRAMEWORKS_DIR)",
				);
				GCC_PRECOMPILE_PREFIX_HEADER = YES;
				GCC_PREFIX_HEADER = "HU Keccak App/HU Keccak App-Prefix.pch";
				GCC_PREPROCESSOR_DEFINITIONS = (
					"DEBUG=1",
					"$(inherited)",
				);
				INFOPLIST_FILE = "HU Keccak AppTests/HU Keccak AppTests-Info.plist";
				PRODUCT_NAME = "$(TARGET_NAME)";
				TEST_HOST = "$(BUNDLE_LOADER)";
				WRAPPER_EXTENSION = xctest;
			};
			name = Debug;
		};
		8BF538EE1816B734001F2F5C /* Release */ = {
			isa = XCBuildConfiguration;
			buildSettings = {
				ARCHS = "$(ARCHS_STANDARD_INCLUDING_64_BIT)";
				BUNDLE_LOADER = "$(BUILT_PRODUCTS_DIR)/HU Keccak App.app/HU Keccak App";
				FRAMEWORK_SEARCH_PATHS = (
					"$(SDKROOT)/Developer/Library/Frameworks",
					"$(inherited)",
					"$(DEVELOPER_FRAMEWORKS_DIR)",
				);
				GCC_PRECOMPILE_PREFIX_HEADER = YES;
				GCC_PREFIX_HEADER = "HU Keccak App/HU Keccak App-Prefix.pch";
				INFOPLIST_FILE = "HU Keccak AppTests/HU Keccak AppTests-Info.plist";
				PRODUCT_NAME = "$(TARGET_NAME)";
				TEST_HOST = "$(BUNDLE_LOADER)";
				WRAPPER_EXTENSION = xctest;
			};
			name = Release;
		};
/* End XCBuildConfiguration section */

/* Begin XCConfigurationList section */
		8BF538AF1816B733001F2F5C /* Build configuration list for PBXProject "HU Keccak App" */ = {
			isa = XCConfigurationList;
			buildConfigurations = (
				8BF538E71816B734001F2F5C /* Debug */,
				8BF538E81816B734001F2F5C /* Release */,
			);
			defaultConfigurationIsVisible = 0;
			defaultConfigurationName = Release;
		};
		8BF538E91816B734001F2F5C /* Build configuration list for PBXNativeTarget "HU Keccak App" */ = {
			isa = XCConfigurationList;
			buildConfigurations = (
				8BF538EA1816B734001F2F5C /* Debug */,
				8BF538EB1816B734001F2F5C /* Release */,
			);
			defaultConfigurationIsVisible = 0;
		};
		8BF538EC1816B734001F2F5C /* Build configuration list for PBXNativeTarget "HU Keccak AppTests" */ = {
			isa = XCConfigurationList;
			buildConfigurations = (
				8BF538ED1816B734001F2F5C /* Debug */,
				8BF538EE1816B734001F2F5C /* Release */,
			);
			defaultConfigurationIsVisible = 0;
		};
/* End XCConfigurationList section */
	};
	rootObject = 8BF538AC1816B733001F2F5C /* Project object */;
}
